// !$*UTF8*$!
{
	archiveVersion = 1;
	classes = {
	};
	objectVersion = 46;
	objects = {

/* Begin PBXBuildFile section */
		BE19464A1C3056EF00AB6E2F /* AppDelegate.swift in Sources */ = {isa = PBXBuildFile; fileRef = BE1946491C3056EF00AB6E2F /* AppDelegate.swift */; };
		BE19464C1C3056EF00AB6E2F /* Assets.xcassets in Resources */ = {isa = PBXBuildFile; fileRef = BE19464B1C3056EF00AB6E2F /* Assets.xcassets */; };
		BE19464F1C3056EF00AB6E2F /* MainMenu.xib in Resources */ = {isa = PBXBuildFile; fileRef = BE19464D1C3056EF00AB6E2F /* MainMenu.xib */; };
		BE1946571C30610E00AB6E2F /* AirCopyService.swift in Sources */ = {isa = PBXBuildFile; fileRef = BE1946561C30610E00AB6E2F /* AirCopyService.swift */; };
		BE3C83AF1C31EDB8001658E6 /* StateMachine.swift in Sources */ = {isa = PBXBuildFile; fileRef = BE3C83AE1C31EDB8001658E6 /* StateMachine.swift */; };
		BE3C83B11C31EF7C001658E6 /* InboundTransfer.swift in Sources */ = {isa = PBXBuildFile; fileRef = BE3C83B01C31EF7C001658E6 /* InboundTransfer.swift */; };
		BE3C83B31C31F06A001658E6 /* ServiceBrowser.swift in Sources */ = {isa = PBXBuildFile; fileRef = BE3C83B21C31F06A001658E6 /* ServiceBrowser.swift */; };
		BE3C83B71C329D88001658E6 /* NSMenuItem+Handler.swift in Sources */ = {isa = PBXBuildFile; fileRef = BE3C83B61C329D88001658E6 /* NSMenuItem+Handler.swift */; };
		BE3C83B91C32A6A7001658E6 /* OutboundTransfer.swift in Sources */ = {isa = PBXBuildFile; fileRef = BE3C83B81C32A6A7001658E6 /* OutboundTransfer.swift */; };
/* End PBXBuildFile section */

/* Begin PBXFileReference section */
		BE1946461C3056EF00AB6E2F /* AirCopy.app */ = {isa = PBXFileReference; explicitFileType = wrapper.application; includeInIndex = 0; path = AirCopy.app; sourceTree = BUILT_PRODUCTS_DIR; };
		BE1946491C3056EF00AB6E2F /* AppDelegate.swift */ = {isa = PBXFileReference; lastKnownFileType = sourcecode.swift; path = AppDelegate.swift; sourceTree = "<group>"; };
		BE19464B1C3056EF00AB6E2F /* Assets.xcassets */ = {isa = PBXFileReference; lastKnownFileType = folder.assetcatalog; path = Assets.xcassets; sourceTree = "<group>"; };
		BE19464E1C3056EF00AB6E2F /* Base */ = {isa = PBXFileReference; lastKnownFileType = file.xib; name = Base; path = Base.lproj/MainMenu.xib; sourceTree = "<group>"; };
		BE1946501C3056EF00AB6E2F /* Info.plist */ = {isa = PBXFileReference; lastKnownFileType = text.plist.xml; path = Info.plist; sourceTree = "<group>"; };
		BE1946561C30610E00AB6E2F /* AirCopyService.swift */ = {isa = PBXFileReference; fileEncoding = 4; lastKnownFileType = sourcecode.swift; path = AirCopyService.swift; sourceTree = "<group>"; };
		BE3C83AE1C31EDB8001658E6 /* StateMachine.swift */ = {isa = PBXFileReference; fileEncoding = 4; lastKnownFileType = sourcecode.swift; path = StateMachine.swift; sourceTree = "<group>"; };
		BE3C83B01C31EF7C001658E6 /* InboundTransfer.swift */ = {isa = PBXFileReference; fileEncoding = 4; lastKnownFileType = sourcecode.swift; path = InboundTransfer.swift; sourceTree = "<group>"; };
		BE3C83B21C31F06A001658E6 /* ServiceBrowser.swift */ = {isa = PBXFileReference; fileEncoding = 4; lastKnownFileType = sourcecode.swift; path = ServiceBrowser.swift; sourceTree = "<group>"; };
		BE3C83B61C329D88001658E6 /* NSMenuItem+Handler.swift */ = {isa = PBXFileReference; fileEncoding = 4; lastKnownFileType = sourcecode.swift; path = "NSMenuItem+Handler.swift"; sourceTree = "<group>"; };
		BE3C83B81C32A6A7001658E6 /* OutboundTransfer.swift */ = {isa = PBXFileReference; fileEncoding = 4; lastKnownFileType = sourcecode.swift; path = OutboundTransfer.swift; sourceTree = "<group>"; };
/* End PBXFileReference section */

/* Begin PBXFrameworksBuildPhase section */
		BE1946431C3056EF00AB6E2F /* Frameworks */ = {
			isa = PBXFrameworksBuildPhase;
			buildActionMask = 2147483647;
			files = (
			);
			runOnlyForDeploymentPostprocessing = 0;
		};
/* End PBXFrameworksBuildPhase section */

/* Begin PBXGroup section */
		BE19463D1C3056EF00AB6E2F = {
			isa = PBXGroup;
			children = (
				BE1946481C3056EF00AB6E2F /* AirCopy */,
				BE1946471C3056EF00AB6E2F /* Products */,
			);
			sourceTree = "<group>";
		};
		BE1946471C3056EF00AB6E2F /* Products */ = {
			isa = PBXGroup;
			children = (
				BE1946461C3056EF00AB6E2F /* AirCopy.app */,
			);
			name = Products;
			sourceTree = "<group>";
		};
		BE1946481C3056EF00AB6E2F /* AirCopy */ = {
			isa = PBXGroup;
			children = (
				BE1946491C3056EF00AB6E2F /* AppDelegate.swift */,
				BE19464B1C3056EF00AB6E2F /* Assets.xcassets */,
				BE19464D1C3056EF00AB6E2F /* MainMenu.xib */,
				BE1946501C3056EF00AB6E2F /* Info.plist */,
				BE1946561C30610E00AB6E2F /* AirCopyService.swift */,
				BE3C83B61C329D88001658E6 /* NSMenuItem+Handler.swift */,
				BE3C83B81C32A6A7001658E6 /* OutboundTransfer.swift */,
				BE3C83B21C31F06A001658E6 /* ServiceBrowser.swift */,
				BE3C83AE1C31EDB8001658E6 /* StateMachine.swift */,
				BE3C83B01C31EF7C001658E6 /* InboundTransfer.swift */,
			);
			path = AirCopy;
			sourceTree = "<group>";
		};
/* End PBXGroup section */

/* Begin PBXNativeTarget section */
		BE1946451C3056EF00AB6E2F /* AirCopy */ = {
			isa = PBXNativeTarget;
			buildConfigurationList = BE1946531C3056EF00AB6E2F /* Build configuration list for PBXNativeTarget "AirCopy" */;
			buildPhases = (
				BE1946421C3056EF00AB6E2F /* Sources */,
				BE1946431C3056EF00AB6E2F /* Frameworks */,
				BE1946441C3056EF00AB6E2F /* Resources */,
			);
			buildRules = (
			);
			dependencies = (
			);
			name = AirCopy;
			productName = AirCopy;
			productReference = BE1946461C3056EF00AB6E2F /* AirCopy.app */;
			productType = "com.apple.product-type.application";
		};
/* End PBXNativeTarget section */

/* Begin PBXProject section */
		BE19463E1C3056EF00AB6E2F /* Project object */ = {
			isa = PBXProject;
			attributes = {
				LastSwiftUpdateCheck = 0720;
				LastUpgradeCheck = 0720;
				ORGANIZATIONNAME = "Tamas Lustyik";
				TargetAttributes = {
					BE1946451C3056EF00AB6E2F = {
						CreatedOnToolsVersion = 7.2;
					};
				};
			};
			buildConfigurationList = BE1946411C3056EF00AB6E2F /* Build configuration list for PBXProject "AirCopy" */;
			compatibilityVersion = "Xcode 3.2";
			developmentRegion = English;
			hasScannedForEncodings = 0;
			knownRegions = (
				en,
				Base,
			);
			mainGroup = BE19463D1C3056EF00AB6E2F;
			productRefGroup = BE1946471C3056EF00AB6E2F /* Products */;
			projectDirPath = "";
			projectRoot = "";
			targets = (
				BE1946451C3056EF00AB6E2F /* AirCopy */,
			);
		};
/* End PBXProject section */

/* Begin PBXResourcesBuildPhase section */
		BE1946441C3056EF00AB6E2F /* Resources */ = {
			isa = PBXResourcesBuildPhase;
			buildActionMask = 2147483647;
			files = (
				BE19464C1C3056EF00AB6E2F /* Assets.xcassets in Resources */,
				BE19464F1C3056EF00AB6E2F /* MainMenu.xib in Resources */,
			);
			runOnlyForDeploymentPostprocessing = 0;
		};
/* End PBXResourcesBuildPhase section */

/* Begin PBXSourcesBuildPhase section */
		BE1946421C3056EF00AB6E2F /* Sources */ = {
			isa = PBXSourcesBuildPhase;
			buildActionMask = 2147483647;
			files = (
				BE3C83B11C31EF7C001658E6 /* InboundTransfer.swift in Sources */,
				BE19464A1C3056EF00AB6E2F /* AppDelegate.swift in Sources */,
				BE3C83AF1C31EDB8001658E6 /* StateMachine.swift in Sources */,
				BE3C83B31C31F06A001658E6 /* ServiceBrowser.swift in Sources */,
				BE1946571C30610E00AB6E2F /* AirCopyService.swift in Sources */,
				BE3C83B91C32A6A7001658E6 /* OutboundTransfer.swift in Sources */,
				BE3C83B71C329D88001658E6 /* NSMenuItem+Handler.swift in Sources */,
			);
			runOnlyForDeploymentPostprocessing = 0;
		};
/* End PBXSourcesBuildPhase section */

/* Begin PBXVariantGroup section */
		BE19464D1C3056EF00AB6E2F /* MainMenu.xib */ = {
			isa = PBXVariantGroup;
			children = (
				BE19464E1C3056EF00AB6E2F /* Base */,
			);
			name = MainMenu.xib;
			sourceTree = "<group>";
		};
/* End PBXVariantGroup section */

/* Begin XCBuildConfiguration section */
		BE1946511C3056EF00AB6E2F /* Debug */ = {
			isa = XCBuildConfiguration;
			buildSettings = {
				ALWAYS_SEARCH_USER_PATHS = NO;
				CLANG_CXX_LANGUAGE_STANDARD = "gnu++0x";
				CLANG_CXX_LIBRARY = "libc++";
				CLANG_ENABLE_MODULES = YES;
				CLANG_ENABLE_OBJC_ARC = YES;
				CLANG_WARN_BOOL_CONVERSION = YES;
				CLANG_WARN_CONSTANT_CONVERSION = YES;
				CLANG_WARN_DIRECT_OBJC_ISA_USAGE = YES_ERROR;
				CLANG_WARN_EMPTY_BODY = YES;
				CLANG_WARN_ENUM_CONVERSION = YES;
				CLANG_WARN_INT_CONVERSION = YES;
				CLANG_WARN_OBJC_ROOT_CLASS = YES_ERROR;
				CLANG_WARN_UNREACHABLE_CODE = YES;
				CLANG_WARN__DUPLICATE_METHOD_MATCH = YES;
				CODE_SIGN_IDENTITY = "-";
				COPY_PHASE_STRIP = NO;
				DEBUG_INFORMATION_FORMAT = dwarf;
				ENABLE_STRICT_OBJC_MSGSEND = YES;
				ENABLE_TESTABILITY = YES;
				GCC_C_LANGUAGE_STANDARD = gnu99;
				GCC_DYNAMIC_NO_PIC = NO;
				GCC_NO_COMMON_BLOCKS = YES;
				GCC_OPTIMIZATION_LEVEL = 0;
				GCC_PREPROCESSOR_DEFINITIONS = (
					"DEBUG=1",
					"$(inherited)",
				);
				GCC_WARN_64_TO_32_BIT_CONVERSION = YES;
				GCC_WARN_ABOUT_RETURN_TYPE = YES_ERROR;
				GCC_WARN_UNDECLARED_SELECTOR = YES;
				GCC_WARN_UNINITIALIZED_AUTOS = YES_AGGRESSIVE;
				GCC_WARN_UNUSED_FUNCTION = YES;
				GCC_WARN_UNUSED_VARIABLE = YES;
				MACOSX_DEPLOYMENT_TARGET = 10.11;
				MTL_ENABLE_DEBUG_INFO = YES;
				ONLY_ACTIVE_ARCH = YES;
				SDKROOT = macosx;
				SWIFT_OPTIMIZATION_LEVEL = "-Onone";
			};
			name = Debug;
		};
		BE1946521C3056EF00AB6E2F /* Release */ = {
			isa = XCBuildConfiguration;
			buildSettings = {
				ALWAYS_SEARCH_USER_PATHS = NO;
				CLANG_CXX_LANGUAGE_STANDARD = "gnu++0x";
				CLANG_CXX_LIBRARY = "libc++";
				CLANG_ENABLE_MODULES = YES;
				CLANG_ENABLE_OBJC_ARC = YES;
				CLANG_WARN_BOOL_CONVERSION = YES;
				CLANG_WARN_CONSTANT_CONVERSION = YES;
				CLANG_WARN_DIRECT_OBJC_ISA_USAGE = YES_ERROR;
				CLANG_WARN_EMPTY_BODY = YES;
				CLANG_WARN_ENUM_CONVERSION = YES;
				CLANG_WARN_INT_CONVERSION = YES;
				CLANG_WARN_OBJC_ROOT_CLASS = YES_ERROR;
				CLANG_WARN_UNREACHABLE_CODE = YES;
				CLANG_WARN__DUPLICATE_METHOD_MATCH = YES;
				CODE_SIGN_IDENTITY = "-";
				COPY_PHASE_STRIP = NO;
				DEBUG_INFORMATION_FORMAT = "dwarf-with-dsym";
				ENABLE_NS_ASSERTIONS = NO;
				ENABLE_STRICT_OBJC_MSGSEND = YES;
				GCC_C_LANGUAGE_STANDARD = gnu99;
				GCC_NO_COMMON_BLOCKS = YES;
				GCC_WARN_64_TO_32_BIT_CONVERSION = YES;
				GCC_WARN_ABOUT_RETURN_TYPE = YES_ERROR;
				GCC_WARN_UNDECLARED_SELECTOR = YES;
				GCC_WARN_UNINITIALIZED_AUTOS = YES_AGGRESSIVE;
				GCC_WARN_UNUSED_FUNCTION = YES;
				GCC_WARN_UNUSED_VARIABLE = YES;
				MACOSX_DEPLOYMENT_TARGET = 10.11;
				MTL_ENABLE_DEBUG_INFO = NO;
				SDKROOT = macosx;
			};
			name = Release;
		};
		BE1946541C3056EF00AB6E2F /* Debug */ = {
			isa = XCBuildConfiguration;
			buildSettings = {
				ASSETCATALOG_COMPILER_APPICON_NAME = AppIcon;
				COMBINE_HIDPI_IMAGES = YES;
				INFOPLIST_FILE = AirCopy/Info.plist;
				LD_RUNPATH_SEARCH_PATHS = "$(inherited) @executable_path/../Frameworks";
				PRODUCT_BUNDLE_IDENTIFIER = me.cocoagrinder.AirCopy;
				PRODUCT_NAME = "$(TARGET_NAME)";
			};
			name = Debug;
		};
		BE1946551C3056EF00AB6E2F /* Release */ = {
			isa = XCBuildConfiguration;
			buildSettings = {
				ASSETCATALOG_COMPILER_APPICON_NAME = AppIcon;
				COMBINE_HIDPI_IMAGES = YES;
				INFOPLIST_FILE = AirCopy/Info.plist;
				LD_RUNPATH_SEARCH_PATHS = "$(inherited) @executable_path/../Frameworks";
				PRODUCT_BUNDLE_IDENTIFIER = me.cocoagrinder.AirCopy;
				PRODUCT_NAME = "$(TARGET_NAME)";
			};
			name = Release;
		};
/* End XCBuildConfiguration section */

/* Begin XCConfigurationList section */
		BE1946411C3056EF00AB6E2F /* Build configuration list for PBXProject "AirCopy" */ = {
			isa = XCConfigurationList;
			buildConfigurations = (
				BE1946511C3056EF00AB6E2F /* Debug */,
				BE1946521C3056EF00AB6E2F /* Release */,
			);
			defaultConfigurationIsVisible = 0;
			defaultConfigurationName = Release;
		};
		BE1946531C3056EF00AB6E2F /* Build configuration list for PBXNativeTarget "AirCopy" */ = {
			isa = XCConfigurationList;
			buildConfigurations = (
				BE1946541C3056EF00AB6E2F /* Debug */,
				BE1946551C3056EF00AB6E2F /* Release */,
			);
			defaultConfigurationIsVisible = 0;
			defaultConfigurationName = Release;
		};
/* End XCConfigurationList section */
	};
	rootObject = BE19463E1C3056EF00AB6E2F /* Project object */;
}
